
Microsoft Visual Studio Solution File, Format Version 12.00
# Visual Studio Version 17
VisualStudioVersion = 17.2.32526.322
MinimumVisualStudioVersion = 10.0.40219.1
Project("{8BC9CEB8-8B4A-11D0-8D11-00A0C91BC942}") = "Control", "Control\Control.vcxproj", "{9C97582E-C19F-4DD2-B3B0-882113D1FF64}"
EndProject
Project("{8BC9CEB8-8B4A-11D0-8D11-00A0C91BC942}") = "InputOutput", "InputOutput\InputOutput.vcxproj", "{CDA07614-E959-4439-8249-2571334076B2}"
EndProject
Project("{8BC9CEB8-8B4A-11D0-8D11-00A0C91BC942}") = "Processing", "Processing\Processing.vcxproj", "{0DA7F80C-48A7-4692-B281-8965D0D5839F}"
EndProject
Global
	GlobalSection(SolutionConfigurationPlatforms) = preSolution
		Debug|x64 = Debug|x64
		Debug|x86 = Debug|x86
		Release|x64 = Release|x64
		Release|x86 = Release|x86
	EndGlobalSection
	GlobalSection(ProjectConfigurationPlatforms) = postSolution
		{9C97582E-C19F-4DD2-B3B0-882113D1FF64}.Debug|x64.ActiveCfg = Debug|x64
		{9C97582E-C19F-4DD2-B3B0-882113D1FF64}.Debug|x64.Build.0 = Debug|x64
		{9C97582E-C19F-4DD2-B3B0-882113D1FF64}.Debug|x86.ActiveCfg = Debug|Win32
		{9C97582E-C19F-4DD2-B3B0-882113D1FF64}.Debug|x86.Build.0 = Debug|Win32
		{9C97582E-C19F-4DD2-B3B0-882113D1FF64}.Release|x64.ActiveCfg = Release|x64
		{9C97582E-C19F-4DD2-B3B0-882113D1FF64}.Release|x64.Build.0 = Release|x64
		{9C97582E-C19F-4DD2-B3B0-882113D1FF64}.Release|x86.ActiveCfg = Release|Win32
		{9C97582E-C19F-4DD2-B3B0-882113D1FF64}.Release|x86.Build.0 = Release|Win32
		{CDA07614-E959-4439-8249-2571334076B2}.Debug|x64.ActiveCfg = Debug|x64
		{CDA07614-E959-4439-8249-2571334076B2}.Debug|x64.Build.0 = Debug|x64
		{CDA07614-E959-4439-8249-2571334076B2}.Debug|x86.ActiveCfg = Debug|Win32
		{CDA07614-E959-4439-8249-2571334076B2}.Debug|x86.Build.0 = Debug|Win32
		{CDA07614-E959-4439-8249-2571334076B2}.Release|x64.ActiveCfg = Release|x64
		{CDA07614-E959-4439-8249-2571334076B2}.Release|x64.Build.0 = Release|x64
		{CDA07614-E959-4439-8249-2571334076B2}.Release|x86.ActiveCfg = Release|Win32
		{CDA07614-E959-4439-8249-2571334076B2}.Release|x86.Build.0 = Release|Win32
		{0DA7F80C-48A7-4692-B281-8965D0D5839F}.Debug|x64.ActiveCfg = Debug|x64
		{0DA7F80C-48A7-4692-B281-8965D0D5839F}.Debug|x64.Build.0 = Debug|x64
		{0DA7F80C-48A7-4692-B281-8965D0D5839F}.Debug|x86.ActiveCfg = Debug|Win32
		{0DA7F80C-48A7-4692-B281-8965D0D5839F}.Debug|x86.Build.0 = Debug|Win32
		{0DA7F80C-48A7-4692-B281-8965D0D5839F}.Release|x64.ActiveCfg = Release|x64
		{0DA7F80C-48A7-4692-B281-8965D0D5839F}.Release|x64.Build.0 = Release|x64
		{0DA7F80C-48A7-4692-B281-8965D0D5839F}.Release|x86.ActiveCfg = Release|Win32
		{0DA7F80C-48A7-4692-B281-8965D0D5839F}.Release|x86.Build.0 = Release|Win32
	EndGlobalSection
	GlobalSection(SolutionProperties) = preSolution
		HideSolutionNode = FALSE
	EndGlobalSection
	GlobalSection(ExtensibilityGlobals) = postSolution
		SolutionGuid = {E382A58E-6AD0-46CC-B0CD-551C58045DFE}
	EndGlobalSection
EndGlobal
